
Microsoft Visual Studio Solution File, Format Version 12.00
# Visual Studio 15
VisualStudioVersion = 15.0.27130.2010
MinimumVisualStudioVersion = 10.0.40219.1
Project("{FAE04EC0-301F-11D3-BF4B-00C04F79EFBC}") = "TopicRecommendation", "TopicRecommendation\TopicRecommendation.csproj", "{AAC53B59-2C93-41FC-BB28-B47C8FD0B8A9}"
EndProject
Global
	GlobalSection(SolutionConfigurationPlatforms) = preSolution
		Debug|Any CPU = Debug|Any CPU
		Release|Any CPU = Release|Any CPU
	EndGlobalSection
	GlobalSection(ProjectConfigurationPlatforms) = postSolution
		{AAC53B59-2C93-41FC-BB28-B47C8FD0B8A9}.Debug|Any CPU.ActiveCfg = Debug|Any CPU
		{AAC53B59-2C93-41FC-BB28-B47C8FD0B8A9}.Debug|Any CPU.Build.0 = Debug|Any CPU
		{AAC53B59-2C93-41FC-BB28-B47C8FD0B8A9}.Release|Any CPU.ActiveCfg = Release|Any CPU
		{AAC53B59-2C93-41FC-BB28-B47C8FD0B8A9}.Release|Any CPU.Build.0 = Release|Any CPU
	EndGlobalSection
	GlobalSection(SolutionProperties) = preSolution
		HideSolutionNode = FALSE
	EndGlobalSection
	GlobalSection(ExtensibilityGlobals) = postSolution
		SolutionGuid = {44093BF9-5085-446F-8323-E0409DE1EA7F}
	EndGlobalSection
EndGlobal
